Microsoft Visual Studio Solution File, Format Version 12.00
# Visual Studio Version 17
VisualStudioVersion = 17.5.2.0
MinimumVisualStudioVersion = 10.0.40219.1
Project("{FAE04EC0-301F-11D3-BF4B-00C04F79EFBC}") = "SkyrimMCP", "SkyrimMCP\SkyrimMCP.csproj", "{3FE33179-3E2E-C167-67DB-03D2ED5FA258}"
EndProject
Global
	GlobalSection(SolutionConfigurationPlatforms) = preSolution
		Debug|Any CPU = Debug|Any CPU
		Release|Any CPU = Release|Any CPU
	EndGlobalSection
	GlobalSection(ProjectConfigurationPlatforms) = postSolution
		{3FE33179-3E2E-C167-67DB-03D2ED5FA258}.Debug|Any CPU.ActiveCfg = Debug|Any CPU
		{3FE33179-3E2E-C167-67DB-03D2ED5FA258}.Debug|Any CPU.Build.0 = Debug|Any CPU
		{3FE33179-3E2E-C167-67DB-03D2ED5FA258}.Release|Any CPU.ActiveCfg = Release|Any CPU
		{3FE33179-3E2E-C167-67DB-03D2ED5FA258}.Release|Any CPU.Build.0 = Release|Any CPU
	EndGlobalSection
	GlobalSection(SolutionProperties) = preSolution
		HideSolutionNode = FALSE
	EndGlobalSection
	GlobalSection(ExtensibilityGlobals) = postSolution
		SolutionGuid = {936DFAF3-C17C-474E-90FC-D17CE8801203}
	EndGlobalSection
EndGlobal
